
Microsoft Visual Studio Solution File, Format Version 12.00
# Visual Studio Version 16
VisualStudioVersion = 16.0.30320.27
MinimumVisualStudioVersion = 10.0.40219.1
Project("{FAE04EC0-301F-11D3-BF4B-00C04F79EFBC}") = "CarsMangment", "CarsMangment\CarsMangment.csproj", "{218FA08D-C580-49E5-8F0E-522E9CCCC75D}"
EndProject
Global
	GlobalSection(SolutionConfigurationPlatforms) = preSolution
		Debug|Any CPU = Debug|Any CPU
		Release|Any CPU = Release|Any CPU
	EndGlobalSection
	GlobalSection(ProjectConfigurationPlatforms) = postSolution
		{218FA08D-C580-49E5-8F0E-522E9CCCC75D}.Debug|Any CPU.ActiveCfg = Debug|Any CPU
		{218FA08D-C580-49E5-8F0E-522E9CCCC75D}.Debug|Any CPU.Build.0 = Debug|Any CPU
		{218FA08D-C580-49E5-8F0E-522E9CCCC75D}.Release|Any CPU.ActiveCfg = Release|Any CPU
		{218FA08D-C580-49E5-8F0E-522E9CCCC75D}.Release|Any CPU.Build.0 = Release|Any CPU
	EndGlobalSection
	GlobalSection(SolutionProperties) = preSolution
		HideSolutionNode = FALSE
	EndGlobalSection
	GlobalSection(ExtensibilityGlobals) = postSolution
		SolutionGuid = {62B3B56B-A820-43D3-9F71-62F07F39DF43}
	EndGlobalSection
EndGlobal
